// !$*UTF8*$!
{
	archiveVersion = 1;
	classes = {
	};
	objectVersion = 46;
	objects = {

/* Begin PBXBuildFile section */
		1EDE205E3AEDA23707883B8A /* SessionProviderTests.swift in Sources */ = {isa = PBXBuildFile; fileRef = 1EDE2E1CB59F095AD2A8C966 /* SessionProviderTests.swift */; };
		1EDE206AF9426FEE2D4A6E96 /* UserRequestFactory.swift in Sources */ = {isa = PBXBuildFile; fileRef = 1EDE27041C9A106EFE69C3C7 /* UserRequestFactory.swift */; };
		1EDE20A52C5637B132508831 /* ServiceAccessLayer.swift in Sources */ = {isa = PBXBuildFile; fileRef = 1EDE2F62A9EC8D97D9D245A1 /* ServiceAccessLayer.swift */; };
		1EDE2153C5AF4938CB868FB8 /* AppConfigProvider.swift in Sources */ = {isa = PBXBuildFile; fileRef = 1EDE261B412147EE76277602 /* AppConfigProvider.swift */; };
		1EDE218CE7767F8DB1670EC8 /* SessionToken.swift in Sources */ = {isa = PBXBuildFile; fileRef = 1EDE24BE0ED70D3E900D71ED /* SessionToken.swift */; };
		1EDE21A81F03F9C6A18C8F18 /* AppError.swift in Sources */ = {isa = PBXBuildFile; fileRef = 1EDE27A7A1FF3292C2144B71 /* AppError.swift */; };
		1EDE221446A7D18D6BD22697 /* Assets.xcassets in Resources */ = {isa = PBXBuildFile; fileRef = 1EDE2516E723B235129B26A7 /* Assets.xcassets */; };
		1EDE2270CA95717237A9E45D /* Anime.swift in Sources */ = {isa = PBXBuildFile; fileRef = 1EDE257888D926144B4EDB29 /* Anime.swift */; };
		1EDE230AB1D269FB7DE2B23C /* HttpRequest.swift in Sources */ = {isa = PBXBuildFile; fileRef = 1EDE21F0A3B5F7EB623D9D97 /* HttpRequest.swift */; };
		1EDE23994B51E84A58AD48A1 /* KeyValuePersistentStorage.swift in Sources */ = {isa = PBXBuildFile; fileRef = 1EDE24B5E4280C4D0448C1FF /* KeyValuePersistentStorage.swift */; };
		1EDE241A51EA2CD4A2AF91BA /* ShikimoriTests.swift in Sources */ = {isa = PBXBuildFile; fileRef = 1EDE2C5E392E6E48A32A3E3E /* ShikimoriTests.swift */; };
		1EDE24889E8166854C4BCE1C /* AccountProvider.swift in Sources */ = {isa = PBXBuildFile; fileRef = 1EDE2BDC2C62179E4D8EB4EA /* AccountProvider.swift */; };
		1EDE24F5FFFDB070BDB26638 /* AuthViewController.swift in Sources */ = {isa = PBXBuildFile; fileRef = 1EDE2C880D4DDE9C33C86C8F /* AuthViewController.swift */; };
		1EDE2522F66501C0EA04AB5D /* UsersEndpointTests.swift in Sources */ = {isa = PBXBuildFile; fileRef = 1EDE2447C5DC2F5A1ADB3A01 /* UsersEndpointTests.swift */; };
		1EDE25C62612326F92BD5F89 /* URLBuilder.swift in Sources */ = {isa = PBXBuildFile; fileRef = 1EDE2A7AFB934475B671CFC9 /* URLBuilder.swift */; };
		1EDE26A5D71BC5CE8202AFE4 /* AnimeRequestFactory.swift in Sources */ = {isa = PBXBuildFile; fileRef = 1EDE27B950A8B4B441823258 /* AnimeRequestFactory.swift */; };
		1EDE26B2BC148E8EA6F24739 /* AuthHelper.swift in Sources */ = {isa = PBXBuildFile; fileRef = 1EDE2BB2ED93449E4471BDDB /* AuthHelper.swift */; };
		1EDE26F9FBB2FFAEF6B79D23 /* Main.storyboard in Resources */ = {isa = PBXBuildFile; fileRef = 1EDE280DEDC0C3B27B89ADEC /* Main.storyboard */; };
		1EDE276B6F2AA790029FF1E2 /* TokenRequestFactory.swift in Sources */ = {isa = PBXBuildFile; fileRef = 1EDE27FF14BF045706A7A1D7 /* TokenRequestFactory.swift */; };
		1EDE278449F940FAF4183185 /* NetworkRequest.swift in Sources */ = {isa = PBXBuildFile; fileRef = 1EDE2120515869CE14B06D54 /* NetworkRequest.swift */; };
		1EDE27A681A730AADC741D03 /* NetworkRequestResultMapper.swift in Sources */ = {isa = PBXBuildFile; fileRef = 1EDE254604A38BF421AD823B /* NetworkRequestResultMapper.swift */; };
		1EDE2801A2E785CBCE9EDD74 /* SessionProvider.swift in Sources */ = {isa = PBXBuildFile; fileRef = 1EDE24B781BA8B33A9432203 /* SessionProvider.swift */; };
		1EDE2801C957030F3A9DB048 /* Autolayout.swift in Sources */ = {isa = PBXBuildFile; fileRef = 1EDE2C90B87BA6BFA03E2435 /* Autolayout.swift */; };
		1EDE280F67038A4D91DB26FB /* AccountRequestFactory.swift in Sources */ = {isa = PBXBuildFile; fileRef = 1EDE219DA326C87EF9124994 /* AccountRequestFactory.swift */; };
		1EDE287D67C46D2298E6F658 /* DefaultNetworkRequestResultMapper.swift in Sources */ = {isa = PBXBuildFile; fileRef = 1EDE266FDE4D1950834CE0B3 /* DefaultNetworkRequestResultMapper.swift */; };
		1EDE289B3D6FFF02C7577AB4 /* RequestFactory.swift in Sources */ = {isa = PBXBuildFile; fileRef = 1EDE21648314F4D8463F4E19 /* RequestFactory.swift */; };
		1EDE28A4CC97C35A56552F26 /* MainViewController.swift in Sources */ = {isa = PBXBuildFile; fileRef = 1EDE2FA96A39398AEC283149 /* MainViewController.swift */; };
		1EDE295D6E8EB469202B7288 /* LaunchScreen.storyboard in Resources */ = {isa = PBXBuildFile; fileRef = 1EDE22EE86F23DEFAA6148B1 /* LaunchScreen.storyboard */; };
		1EDE2C676B93EEDB77D05B29 /* AuthCodeStorage.swift in Sources */ = {isa = PBXBuildFile; fileRef = 1EDE2343A58F502E2E4DF0CF /* AuthCodeStorage.swift */; };
		1EDE2C6A63BD1F0199BBEC62 /* PromiseTests.swift in Sources */ = {isa = PBXBuildFile; fileRef = 1EDE2E0C6DF0832776D38CCE /* PromiseTests.swift */; };
		1EDE2D77D3789584ACF3B915 /* AppErrorMapper.swift in Sources */ = {isa = PBXBuildFile; fileRef = 1EDE2AFB26C05C37E75A4E79 /* AppErrorMapper.swift */; };
		1EDE2D782B57F4CF269516D5 /* ImageLoading.swift in Sources */ = {isa = PBXBuildFile; fileRef = 1EDE213502EEBB9B95AF14EE /* ImageLoading.swift */; };
		1EDE2E32B45B18C94E4F5D3A /* Promise.swift in Sources */ = {isa = PBXBuildFile; fileRef = 1EDE27C0EC545DE688A0BB5F /* Promise.swift */; };
		1EDE2EA391830D09E87D5F47 /* AppDelegate.swift in Sources */ = {isa = PBXBuildFile; fileRef = 1EDE29DD7C2309485E49D68B /* AppDelegate.swift */; };
		1EDE2F3C6DAB437DEE46B288 /* User.swift in Sources */ = {isa = PBXBuildFile; fileRef = 1EDE28416375A369634A8AAB /* User.swift */; };
		C412AA4F2091CB4200ECC3AB /* Auth.plist in Resources */ = {isa = PBXBuildFile; fileRef = C412AA4E2091CB4200ECC3AB /* Auth.plist */; };
		C412AA512092325800ECC3AB /* Menu.storyboard in Resources */ = {isa = PBXBuildFile; fileRef = C412AA502092325800ECC3AB /* Menu.storyboard */; };
		C412AA53209232C500ECC3AB /* MenuViewController.swift in Sources */ = {isa = PBXBuildFile; fileRef = C412AA52209232C500ECC3AB /* MenuViewController.swift */; };
		C430811A2094C057000147F1 /* Profile.storyboard in Resources */ = {isa = PBXBuildFile; fileRef = C43081192094C057000147F1 /* Profile.storyboard */; };
		C430811C2094C06A000147F1 /* ProfileViewController.swift in Sources */ = {isa = PBXBuildFile; fileRef = C430811B2094C06A000147F1 /* ProfileViewController.swift */; };
		C45AAB3C2090DCE4006D62CF /* Auth.storyboard in Resources */ = {isa = PBXBuildFile; fileRef = C45AAB3B2090DCE4006D62CF /* Auth.storyboard */; };
/* End PBXBuildFile section */

/* Begin PBXContainerItemProxy section */
		1EDE2B51FFF51D33080077B7 /* PBXContainerItemProxy */ = {
			isa = PBXContainerItemProxy;
			containerPortal = 1EDE208D72083E9B47988000 /* Project object */;
			proxyType = 1;
			remoteGlobalIDString = 1EDE229A03535292B1A8B01C;
			remoteInfo = Shikimori;
		};
/* End PBXContainerItemProxy section */

/* Begin PBXFileReference section */
		1EDE20222F2070A7677F864A /* Info.plist */ = {isa = PBXFileReference; lastKnownFileType = text.plist.info; path = Info.plist; sourceTree = "<group>"; };
		1EDE208E4F1EC0D9C8AF9567 /* Shikimori.app */ = {isa = PBXFileReference; explicitFileType = wrapper.application; includeInIndex = 0; path = Shikimori.app; sourceTree = BUILT_PRODUCTS_DIR; };
		1EDE2120515869CE14B06D54 /* NetworkRequest.swift */ = {isa = PBXFileReference; fileEncoding = 4; lastKnownFileType = sourcecode.swift; path = NetworkRequest.swift; sourceTree = "<group>"; };
		1EDE213502EEBB9B95AF14EE /* ImageLoading.swift */ = {isa = PBXFileReference; fileEncoding = 4; lastKnownFileType = sourcecode.swift; path = ImageLoading.swift; sourceTree = "<group>"; };
		1EDE21648314F4D8463F4E19 /* RequestFactory.swift */ = {isa = PBXFileReference; fileEncoding = 4; lastKnownFileType = sourcecode.swift; path = RequestFactory.swift; sourceTree = "<group>"; };
		1EDE219DA326C87EF9124994 /* AccountRequestFactory.swift */ = {isa = PBXFileReference; fileEncoding = 4; lastKnownFileType = sourcecode.swift; path = AccountRequestFactory.swift; sourceTree = "<group>"; };
		1EDE21F0A3B5F7EB623D9D97 /* HttpRequest.swift */ = {isa = PBXFileReference; fileEncoding = 4; lastKnownFileType = sourcecode.swift; path = HttpRequest.swift; sourceTree = "<group>"; };
		1EDE22EE86F23DEFAA6148B1 /* LaunchScreen.storyboard */ = {isa = PBXFileReference; lastKnownFileType = file.storyboard; path = LaunchScreen.storyboard; sourceTree = "<group>"; };
		1EDE2343A58F502E2E4DF0CF /* AuthCodeStorage.swift */ = {isa = PBXFileReference; fileEncoding = 4; lastKnownFileType = sourcecode.swift; path = AuthCodeStorage.swift; sourceTree = "<group>"; };
		1EDE2447C5DC2F5A1ADB3A01 /* UsersEndpointTests.swift */ = {isa = PBXFileReference; fileEncoding = 4; lastKnownFileType = sourcecode.swift; path = UsersEndpointTests.swift; sourceTree = "<group>"; };
		1EDE24B5E4280C4D0448C1FF /* KeyValuePersistentStorage.swift */ = {isa = PBXFileReference; fileEncoding = 4; lastKnownFileType = sourcecode.swift; path = KeyValuePersistentStorage.swift; sourceTree = "<group>"; };
		1EDE24B781BA8B33A9432203 /* SessionProvider.swift */ = {isa = PBXFileReference; fileEncoding = 4; lastKnownFileType = sourcecode.swift; path = SessionProvider.swift; sourceTree = "<group>"; };
		1EDE24BE0ED70D3E900D71ED /* SessionToken.swift */ = {isa = PBXFileReference; fileEncoding = 4; lastKnownFileType = sourcecode.swift; path = SessionToken.swift; sourceTree = "<group>"; };
		1EDE2516E723B235129B26A7 /* Assets.xcassets */ = {isa = PBXFileReference; lastKnownFileType = folder.assetcatalog; path = Assets.xcassets; sourceTree = "<group>"; };
		1EDE254604A38BF421AD823B /* NetworkRequestResultMapper.swift */ = {isa = PBXFileReference; fileEncoding = 4; lastKnownFileType = sourcecode.swift; path = NetworkRequestResultMapper.swift; sourceTree = "<group>"; };
		1EDE257888D926144B4EDB29 /* Anime.swift */ = {isa = PBXFileReference; fileEncoding = 4; lastKnownFileType = sourcecode.swift; path = Anime.swift; sourceTree = "<group>"; };
		1EDE261B412147EE76277602 /* AppConfigProvider.swift */ = {isa = PBXFileReference; fileEncoding = 4; lastKnownFileType = sourcecode.swift; path = AppConfigProvider.swift; sourceTree = "<group>"; };
		1EDE266FDE4D1950834CE0B3 /* DefaultNetworkRequestResultMapper.swift */ = {isa = PBXFileReference; fileEncoding = 4; lastKnownFileType = sourcecode.swift; path = DefaultNetworkRequestResultMapper.swift; sourceTree = "<group>"; };
		1EDE27041C9A106EFE69C3C7 /* UserRequestFactory.swift */ = {isa = PBXFileReference; fileEncoding = 4; lastKnownFileType = sourcecode.swift; path = UserRequestFactory.swift; sourceTree = "<group>"; };
		1EDE27A7A1FF3292C2144B71 /* AppError.swift */ = {isa = PBXFileReference; fileEncoding = 4; lastKnownFileType = sourcecode.swift; path = AppError.swift; sourceTree = "<group>"; };
		1EDE27B950A8B4B441823258 /* AnimeRequestFactory.swift */ = {isa = PBXFileReference; fileEncoding = 4; lastKnownFileType = sourcecode.swift; path = AnimeRequestFactory.swift; sourceTree = "<group>"; };
		1EDE27C0EC545DE688A0BB5F /* Promise.swift */ = {isa = PBXFileReference; fileEncoding = 4; lastKnownFileType = sourcecode.swift; path = Promise.swift; sourceTree = "<group>"; };
		1EDE27FF14BF045706A7A1D7 /* TokenRequestFactory.swift */ = {isa = PBXFileReference; fileEncoding = 4; lastKnownFileType = sourcecode.swift; path = TokenRequestFactory.swift; sourceTree = "<group>"; };
		1EDE280DEDC0C3B27B89ADEC /* Main.storyboard */ = {isa = PBXFileReference; lastKnownFileType = file.storyboard; path = Main.storyboard; sourceTree = "<group>"; };
		1EDE28416375A369634A8AAB /* User.swift */ = {isa = PBXFileReference; fileEncoding = 4; lastKnownFileType = sourcecode.swift; path = User.swift; sourceTree = "<group>"; };
		1EDE2871A0E913C2BE1BC75A /* ShikimoriTests.xctest */ = {isa = PBXFileReference; explicitFileType = wrapper.cfbundle; includeInIndex = 0; path = ShikimoriTests.xctest; sourceTree = BUILT_PRODUCTS_DIR; };
		1EDE29DD7C2309485E49D68B /* AppDelegate.swift */ = {isa = PBXFileReference; fileEncoding = 4; lastKnownFileType = sourcecode.swift; path = AppDelegate.swift; sourceTree = "<group>"; };
		1EDE2A7AFB934475B671CFC9 /* URLBuilder.swift */ = {isa = PBXFileReference; fileEncoding = 4; lastKnownFileType = sourcecode.swift; path = URLBuilder.swift; sourceTree = "<group>"; };
		1EDE2AFB26C05C37E75A4E79 /* AppErrorMapper.swift */ = {isa = PBXFileReference; fileEncoding = 4; lastKnownFileType = sourcecode.swift; path = AppErrorMapper.swift; sourceTree = "<group>"; };
		1EDE2BB2ED93449E4471BDDB /* AuthHelper.swift */ = {isa = PBXFileReference; fileEncoding = 4; lastKnownFileType = sourcecode.swift; path = AuthHelper.swift; sourceTree = "<group>"; };
		1EDE2BDC2C62179E4D8EB4EA /* AccountProvider.swift */ = {isa = PBXFileReference; fileEncoding = 4; lastKnownFileType = sourcecode.swift; path = AccountProvider.swift; sourceTree = "<group>"; };
		1EDE2C5E392E6E48A32A3E3E /* ShikimoriTests.swift */ = {isa = PBXFileReference; lastKnownFileType = sourcecode.swift; path = ShikimoriTests.swift; sourceTree = "<group>"; };
		1EDE2C880D4DDE9C33C86C8F /* AuthViewController.swift */ = {isa = PBXFileReference; fileEncoding = 4; lastKnownFileType = sourcecode.swift; path = AuthViewController.swift; sourceTree = "<group>"; };
		1EDE2C90B87BA6BFA03E2435 /* Autolayout.swift */ = {isa = PBXFileReference; fileEncoding = 4; lastKnownFileType = sourcecode.swift; path = Autolayout.swift; sourceTree = "<group>"; };
		1EDE2CEA5AD80EDF0995C942 /* Info.plist */ = {isa = PBXFileReference; fileEncoding = 4; lastKnownFileType = text.plist.info; path = Info.plist; sourceTree = "<group>"; };
		1EDE2E0C6DF0832776D38CCE /* PromiseTests.swift */ = {isa = PBXFileReference; fileEncoding = 4; lastKnownFileType = sourcecode.swift; path = PromiseTests.swift; sourceTree = "<group>"; };
		1EDE2E1CB59F095AD2A8C966 /* SessionProviderTests.swift */ = {isa = PBXFileReference; fileEncoding = 4; lastKnownFileType = sourcecode.swift; path = SessionProviderTests.swift; sourceTree = "<group>"; };
		1EDE2F62A9EC8D97D9D245A1 /* ServiceAccessLayer.swift */ = {isa = PBXFileReference; fileEncoding = 4; lastKnownFileType = sourcecode.swift; path = ServiceAccessLayer.swift; sourceTree = "<group>"; };
		1EDE2FA96A39398AEC283149 /* MainViewController.swift */ = {isa = PBXFileReference; fileEncoding = 4; lastKnownFileType = sourcecode.swift; path = MainViewController.swift; sourceTree = "<group>"; };
		C412AA4E2091CB4200ECC3AB /* Auth.plist */ = {isa = PBXFileReference; lastKnownFileType = text.plist.xml; path = Auth.plist; sourceTree = "<group>"; };
		C412AA502092325800ECC3AB /* Menu.storyboard */ = {isa = PBXFileReference; lastKnownFileType = file.storyboard; path = Menu.storyboard; sourceTree = "<group>"; };
		C412AA52209232C500ECC3AB /* MenuViewController.swift */ = {isa = PBXFileReference; lastKnownFileType = sourcecode.swift; path = MenuViewController.swift; sourceTree = "<group>"; };
		C43081192094C057000147F1 /* Profile.storyboard */ = {isa = PBXFileReference; lastKnownFileType = file.storyboard; path = Profile.storyboard; sourceTree = "<group>"; };
		C430811B2094C06A000147F1 /* ProfileViewController.swift */ = {isa = PBXFileReference; lastKnownFileType = sourcecode.swift; path = ProfileViewController.swift; sourceTree = "<group>"; };
		C45AAB3B2090DCE4006D62CF /* Auth.storyboard */ = {isa = PBXFileReference; lastKnownFileType = file.storyboard; path = Auth.storyboard; sourceTree = "<group>"; };
/* End PBXFileReference section */

/* Begin PBXFrameworksBuildPhase section */
		1EDE2598D2307CB75C192940 /* Frameworks */ = {
			isa = PBXFrameworksBuildPhase;
			buildActionMask = 2147483647;
			files = (
			);
			runOnlyForDeploymentPostprocessing = 0;
		};
		1EDE2BEAC014C896F72478C3 /* Frameworks */ = {
			isa = PBXFrameworksBuildPhase;
			buildActionMask = 2147483647;
			files = (
			);
			runOnlyForDeploymentPostprocessing = 0;
		};
/* End PBXFrameworksBuildPhase section */

/* Begin PBXGroup section */
		1EDE21F914E3F7B5FDEFDF39 /* Auth */ = {
			isa = PBXGroup;
			children = (
				C45AAB3B2090DCE4006D62CF /* Auth.storyboard */,
				1EDE2C880D4DDE9C33C86C8F /* AuthViewController.swift */,
			);
			name = Auth;
			sourceTree = "<group>";
		};
		1EDE229C29F319BFC866A7F3 /* ShikimoriTests */ = {
			isa = PBXGroup;
			children = (
				1EDE20222F2070A7677F864A /* Info.plist */,
				1EDE2C5E392E6E48A32A3E3E /* ShikimoriTests.swift */,
				1EDE2E0C6DF0832776D38CCE /* PromiseTests.swift */,
				1EDE2E1CB59F095AD2A8C966 /* SessionProviderTests.swift */,
				1EDE2447C5DC2F5A1ADB3A01 /* UsersEndpointTests.swift */,
			);
			path = ShikimoriTests;
			sourceTree = "<group>";
		};
		1EDE24A8C82F7DBE8EF20FA8 /* App */ = {
			isa = PBXGroup;
			children = (
				1EDE29FD516FEEEC7A299CFD /* URLFactory */,
				1EDE2D6B874CB7479F397F58 /* Network */,
			);
			path = App;
			sourceTree = "<group>";
		};
		1EDE25C0DF16203853A9C48B /* Helpers */ = {
			isa = PBXGroup;
			children = (
				1EDE2BB2ED93449E4471BDDB /* AuthHelper.swift */,
			);
			name = Helpers;
			sourceTree = "<group>";
		};
		1EDE25E036E9098B129C1A89 /* Utils */ = {
			isa = PBXGroup;
			children = (
				1EDE27C0EC545DE688A0BB5F /* Promise.swift */,
				1EDE2120515869CE14B06D54 /* NetworkRequest.swift */,
				1EDE2A7AFB934475B671CFC9 /* URLBuilder.swift */,
				1EDE21648314F4D8463F4E19 /* RequestFactory.swift */,
				1EDE266FDE4D1950834CE0B3 /* DefaultNetworkRequestResultMapper.swift */,
				1EDE24B5E4280C4D0448C1FF /* KeyValuePersistentStorage.swift */,
				1EDE254604A38BF421AD823B /* NetworkRequestResultMapper.swift */,
			);
			name = Utils;
			sourceTree = "<group>";
		};
		1EDE26213D6FA41789CA71EA /* Assets */ = {
			isa = PBXGroup;
			children = (
				1EDE2516E723B235129B26A7 /* Assets.xcassets */,
			);
			path = Assets;
			sourceTree = "<group>";
		};
		1EDE26F50857B622BDCB2C4A /* Main */ = {
			isa = PBXGroup;
			children = (
				1EDE280DEDC0C3B27B89ADEC /* Main.storyboard */,
				C412AA502092325800ECC3AB /* Menu.storyboard */,
				C412AA52209232C500ECC3AB /* MenuViewController.swift */,
				C43081192094C057000147F1 /* Profile.storyboard */,
				C430811B2094C06A000147F1 /* ProfileViewController.swift */,
				1EDE2FA96A39398AEC283149 /* MainViewController.swift */,
			);
			path = Main;
			sourceTree = "<group>";
		};
		1EDE275C9B4A31B58FCDAB14 /* Config */ = {
			isa = PBXGroup;
			children = (
				1EDE2CEA5AD80EDF0995C942 /* Info.plist */,
				C412AA4E2091CB4200ECC3AB /* Auth.plist */,
				1EDE29DD7C2309485E49D68B /* AppDelegate.swift */,
			);
			path = Config;
			sourceTree = "<group>";
		};
		1EDE29FD516FEEEC7A299CFD /* URLFactory */ = {
			isa = PBXGroup;
			children = (
				1EDE2EF3C2330CFB0807CD9F /* Launch */,
				1EDE26F50857B622BDCB2C4A /* Main */,
				1EDE21F914E3F7B5FDEFDF39 /* Auth */,
				1EDE25C0DF16203853A9C48B /* Helpers */,
				1EDE2D280E5D1FFE58D74122 /* Utils */,
			);
			path = URLFactory;
			sourceTree = "<group>";
		};
		1EDE2BB78788BB97E74109F8 /* Domain */ = {
			isa = PBXGroup;
			children = (
				1EDE24B781BA8B33A9432203 /* SessionProvider.swift */,
				1EDE24BE0ED70D3E900D71ED /* SessionToken.swift */,
				1EDE2BDC2C62179E4D8EB4EA /* AccountProvider.swift */,
				1EDE28416375A369634A8AAB /* User.swift */,
				1EDE27A7A1FF3292C2144B71 /* AppError.swift */,
				1EDE257888D926144B4EDB29 /* Anime.swift */,
			);
			name = Domain;
			sourceTree = "<group>";
		};
		1EDE2D0EFE6CB416F7DE9A3F /* Shikimori */ = {
			isa = PBXGroup;
			children = (
				1EDE24A8C82F7DBE8EF20FA8 /* App */,
				1EDE26213D6FA41789CA71EA /* Assets */,
				1EDE275C9B4A31B58FCDAB14 /* Config */,
			);
			path = Shikimori;
			sourceTree = "<group>";
		};
		1EDE2D280E5D1FFE58D74122 /* Utils */ = {
			isa = PBXGroup;
			children = (
				1EDE2C90B87BA6BFA03E2435 /* Autolayout.swift */,
			);
			name = Utils;
			sourceTree = "<group>";
		};
		1EDE2D3C3001FA9FEC4CDE06 /* ImageLoading */ = {
			isa = PBXGroup;
			children = (
				1EDE213502EEBB9B95AF14EE /* ImageLoading.swift */,
			);
			name = ImageLoading;
			sourceTree = "<group>";
		};
		1EDE2D6B874CB7479F397F58 /* Network */ = {
			isa = PBXGroup;
			children = (
				1EDE25E036E9098B129C1A89 /* Utils */,
				1EDE2FD06F0599811174BE69 /* ServiceAccessLayer */,
				1EDE2BB78788BB97E74109F8 /* Domain */,
				1EDE2D3C3001FA9FEC4CDE06 /* ImageLoading */,
			);
			path = Network;
			sourceTree = "<group>";
		};
		1EDE2E2759018A923991DCFF /* RequestFactories */ = {
			isa = PBXGroup;
			children = (
				1EDE219DA326C87EF9124994 /* AccountRequestFactory.swift */,
				1EDE27FF14BF045706A7A1D7 /* TokenRequestFactory.swift */,
				1EDE2AFB26C05C37E75A4E79 /* AppErrorMapper.swift */,
				1EDE21F0A3B5F7EB623D9D97 /* HttpRequest.swift */,
				1EDE27B950A8B4B441823258 /* AnimeRequestFactory.swift */,
				1EDE27041C9A106EFE69C3C7 /* UserRequestFactory.swift */,
			);
			name = RequestFactories;
			sourceTree = "<group>";
		};
		1EDE2E88BE480A6D533114CB = {
			isa = PBXGroup;
			children = (
				1EDE2F23FE118FF47E115B68 /* Products */,
				1EDE2D0EFE6CB416F7DE9A3F /* Shikimori */,
				1EDE229C29F319BFC866A7F3 /* ShikimoriTests */,
			);
			sourceTree = "<group>";
		};
		1EDE2EF3C2330CFB0807CD9F /* Launch */ = {
			isa = PBXGroup;
			children = (
				1EDE22EE86F23DEFAA6148B1 /* LaunchScreen.storyboard */,
			);
			path = Launch;
			sourceTree = "<group>";
		};
		1EDE2F23FE118FF47E115B68 /* Products */ = {
			isa = PBXGroup;
			children = (
				1EDE208E4F1EC0D9C8AF9567 /* Shikimori.app */,
				1EDE2871A0E913C2BE1BC75A /* ShikimoriTests.xctest */,
			);
			name = Products;
			sourceTree = "<group>";
		};
		1EDE2FD06F0599811174BE69 /* ServiceAccessLayer */ = {
			isa = PBXGroup;
			children = (
				1EDE261B412147EE76277602 /* AppConfigProvider.swift */,
				1EDE2F62A9EC8D97D9D245A1 /* ServiceAccessLayer.swift */,
				1EDE2343A58F502E2E4DF0CF /* AuthCodeStorage.swift */,
				1EDE2E2759018A923991DCFF /* RequestFactories */,
			);
			name = ServiceAccessLayer;
			sourceTree = "<group>";
		};
/* End PBXGroup section */

/* Begin PBXNativeTarget section */
		1EDE229A03535292B1A8B01C /* Shikimori */ = {
			isa = PBXNativeTarget;
			buildConfigurationList = 1EDE26A29C0FA9BF7F93C075 /* Build configuration list for PBXNativeTarget "Shikimori" */;
			buildPhases = (
				1EDE27174C68EFACBA9B884E /* Sources */,
				1EDE2598D2307CB75C192940 /* Frameworks */,
				1EDE2BE654FBDAF077B72D36 /* Resources */,
			);
			buildRules = (
			);
			dependencies = (
			);
			name = Shikimori;
			productName = Shikimori;
			productReference = 1EDE208E4F1EC0D9C8AF9567 /* Shikimori.app */;
			productType = "com.apple.product-type.application";
		};
		1EDE2FA5ECB93FB466B442FC /* ShikimoriTests */ = {
			isa = PBXNativeTarget;
			buildConfigurationList = 1EDE27A1CE638B581626CB48 /* Build configuration list for PBXNativeTarget "ShikimoriTests" */;
			buildPhases = (
				1EDE2FBA79A68759FEC2E5C3 /* Sources */,
				1EDE2BEAC014C896F72478C3 /* Frameworks */,
				1EDE24422D8CA549B35816CB /* Resources */,
			);
			buildRules = (
			);
			dependencies = (
				1EDE2C270DBF172B27AABA19 /* PBXTargetDependency */,
			);
			name = ShikimoriTests;
			productName = ShikimoriTests;
			productReference = 1EDE2871A0E913C2BE1BC75A /* ShikimoriTests.xctest */;
			productType = "com.apple.product-type.bundle.unit-test";
		};
/* End PBXNativeTarget section */

/* Begin PBXProject section */
		1EDE208D72083E9B47988000 /* Project object */ = {
			isa = PBXProject;
			attributes = {
				ORGANIZATIONNAME = "Aziz L";
				TargetAttributes = {
					1EDE229A03535292B1A8B01C = {
						ProvisioningStyle = Manual;
					};
				};
			};
			buildConfigurationList = 1EDE2340E087BB1CD61403F1 /* Build configuration list for PBXProject "Shikimori" */;
			compatibilityVersion = "Xcode 3.2";
			developmentRegion = English;
			hasScannedForEncodings = 0;
			knownRegions = (
				en,
			);
			mainGroup = 1EDE2E88BE480A6D533114CB;
			productRefGroup = 1EDE2F23FE118FF47E115B68 /* Products */;
			projectDirPath = "";
			projectRoot = "";
			targets = (
				1EDE229A03535292B1A8B01C /* Shikimori */,
				1EDE2FA5ECB93FB466B442FC /* ShikimoriTests */,
			);
		};
/* End PBXProject section */

/* Begin PBXResourcesBuildPhase section */
		1EDE24422D8CA549B35816CB /* Resources */ = {
			isa = PBXResourcesBuildPhase;
			buildActionMask = 2147483647;
			files = (
			);
			runOnlyForDeploymentPostprocessing = 0;
		};
		1EDE2BE654FBDAF077B72D36 /* Resources */ = {
			isa = PBXResourcesBuildPhase;
			buildActionMask = 2147483647;
			files = (
				C412AA4F2091CB4200ECC3AB /* Auth.plist in Resources */,
				C45AAB3C2090DCE4006D62CF /* Auth.storyboard in Resources */,
				1EDE221446A7D18D6BD22697 /* Assets.xcassets in Resources */,
				C412AA512092325800ECC3AB /* Menu.storyboard in Resources */,
				1EDE295D6E8EB469202B7288 /* LaunchScreen.storyboard in Resources */,
				C430811A2094C057000147F1 /* Profile.storyboard in Resources */,
				1EDE26F9FBB2FFAEF6B79D23 /* Main.storyboard in Resources */,
			);
			runOnlyForDeploymentPostprocessing = 0;
		};
/* End PBXResourcesBuildPhase section */

/* Begin PBXSourcesBuildPhase section */
		1EDE27174C68EFACBA9B884E /* Sources */ = {
			isa = PBXSourcesBuildPhase;
			buildActionMask = 2147483647;
			files = (
				1EDE2EA391830D09E87D5F47 /* AppDelegate.swift in Sources */,
				C412AA53209232C500ECC3AB /* MenuViewController.swift in Sources */,
				1EDE28A4CC97C35A56552F26 /* MainViewController.swift in Sources */,
				1EDE24F5FFFDB070BDB26638 /* AuthViewController.swift in Sources */,
				1EDE2E32B45B18C94E4F5D3A /* Promise.swift in Sources */,
				1EDE278449F940FAF4183185 /* NetworkRequest.swift in Sources */,
				C430811C2094C06A000147F1 /* ProfileViewController.swift in Sources */,
				1EDE25C62612326F92BD5F89 /* URLBuilder.swift in Sources */,
				1EDE289B3D6FFF02C7577AB4 /* RequestFactory.swift in Sources */,
				1EDE2153C5AF4938CB868FB8 /* AppConfigProvider.swift in Sources */,
				1EDE20A52C5637B132508831 /* ServiceAccessLayer.swift in Sources */,
				1EDE287D67C46D2298E6F658 /* DefaultNetworkRequestResultMapper.swift in Sources */,
				1EDE2801A2E785CBCE9EDD74 /* SessionProvider.swift in Sources */,
				1EDE218CE7767F8DB1670EC8 /* SessionToken.swift in Sources */,
				1EDE2C676B93EEDB77D05B29 /* AuthCodeStorage.swift in Sources */,
				1EDE26B2BC148E8EA6F24739 /* AuthHelper.swift in Sources */,
				1EDE24889E8166854C4BCE1C /* AccountProvider.swift in Sources */,
				1EDE2F3C6DAB437DEE46B288 /* User.swift in Sources */,
				1EDE280F67038A4D91DB26FB /* AccountRequestFactory.swift in Sources */,
				1EDE276B6F2AA790029FF1E2 /* TokenRequestFactory.swift in Sources */,
				1EDE21A81F03F9C6A18C8F18 /* AppError.swift in Sources */,
				1EDE2D77D3789584ACF3B915 /* AppErrorMapper.swift in Sources */,
				1EDE230AB1D269FB7DE2B23C /* HttpRequest.swift in Sources */,
				1EDE23994B51E84A58AD48A1 /* KeyValuePersistentStorage.swift in Sources */,
				1EDE2801C957030F3A9DB048 /* Autolayout.swift in Sources */,
				1EDE2D782B57F4CF269516D5 /* ImageLoading.swift in Sources */,
				1EDE26A5D71BC5CE8202AFE4 /* AnimeRequestFactory.swift in Sources */,
				1EDE2270CA95717237A9E45D /* Anime.swift in Sources */,
				1EDE206AF9426FEE2D4A6E96 /* UserRequestFactory.swift in Sources */,
				1EDE27A681A730AADC741D03 /* NetworkRequestResultMapper.swift in Sources */,
			);
			runOnlyForDeploymentPostprocessing = 0;
		};
		1EDE2FBA79A68759FEC2E5C3 /* Sources */ = {
			isa = PBXSourcesBuildPhase;
			buildActionMask = 2147483647;
			files = (
				1EDE241A51EA2CD4A2AF91BA /* ShikimoriTests.swift in Sources */,
				1EDE2C6A63BD1F0199BBEC62 /* PromiseTests.swift in Sources */,
				1EDE205E3AEDA23707883B8A /* SessionProviderTests.swift in Sources */,
				1EDE2522F66501C0EA04AB5D /* UsersEndpointTests.swift in Sources */,
			);
			runOnlyForDeploymentPostprocessing = 0;
		};
/* End PBXSourcesBuildPhase section */

/* Begin PBXTargetDependency section */
		1EDE2C270DBF172B27AABA19 /* PBXTargetDependency */ = {
			isa = PBXTargetDependency;
			target = 1EDE229A03535292B1A8B01C /* Shikimori */;
			targetProxy = 1EDE2B51FFF51D33080077B7 /* PBXContainerItemProxy */;
		};
/* End PBXTargetDependency section */

/* Begin XCBuildConfiguration section */
		1EDE2043962BE9D2CDAA5670 /* Debug */ = {
			isa = XCBuildConfiguration;
			buildSettings = {
				ASSETCATALOG_COMPILER_APPICON_NAME = AppIcon;
				CODE_SIGN_STYLE = Manual;
				DEVELOPMENT_TEAM = "";
				INFOPLIST_FILE = "$(SRCROOT)/Shikimori/Config/Info.plist";
				IPHONEOS_DEPLOYMENT_TARGET = 10.0;
				LD_RUNPATH_SEARCH_PATHS = "$(inherited) @executable_path/Frameworks";
				PRODUCT_BUNDLE_IDENTIFIER = SKM.Shikimori;
				PRODUCT_NAME = "$(TARGET_NAME)";
				PROVISIONING_PROFILE_SPECIFIER = "";
				SWIFT_VERSION = 4.0;
				TARGETED_DEVICE_FAMILY = "1,2";
			};
			name = Debug;
		};
		1EDE210162C8E2330FEBE2FE /* Release */ = {
			isa = XCBuildConfiguration;
			buildSettings = {
				ALWAYS_SEARCH_USER_PATHS = NO;
				CLANG_ANALYZER_NONNULL = YES;
				CLANG_ANALYZER_NUMBER_OBJECT_CONVERSION = YES_AGGRESSIVE;
				CLANG_CXX_LANGUAGE_STANDARD = "gnu++14";
				CLANG_CXX_LIBRARY = "libc++";
				CLANG_ENABLE_MODULES = YES;
				CLANG_ENABLE_OBJC_ARC = YES;
				CLANG_ENABLE_OBJC_WEAK = YES;
				CLANG_WARN_BLOCK_CAPTURE_AUTORELEASING = YES;
				CLANG_WARN_BOOL_CONVERSION = YES;
				CLANG_WARN_COMMA = YES;
				CLANG_WARN_CONSTANT_CONVERSION = YES;
				CLANG_WARN_DEPRECATED_OBJC_IMPLEMENTATIONS = YES;
				CLANG_WARN_DIRECT_OBJC_ISA_USAGE = YES_ERROR;
				CLANG_WARN_DOCUMENTATION_COMMENTS = YES;
				CLANG_WARN_EMPTY_BODY = YES;
				CLANG_WARN_ENUM_CONVERSION = YES;
				CLANG_WARN_INFINITE_RECURSION = YES;
				CLANG_WARN_INT_CONVERSION = YES;
				CLANG_WARN_NON_LITERAL_NULL_CONVERSION = YES;
				CLANG_WARN_OBJC_IMPLICIT_RETAIN_SELF = YES;
				CLANG_WARN_OBJC_LITERAL_CONVERSION = YES;
				CLANG_WARN_OBJC_ROOT_CLASS = YES_ERROR;
				CLANG_WARN_RANGE_LOOP_ANALYSIS = YES;
				CLANG_WARN_STRICT_PROTOTYPES = YES;
				CLANG_WARN_SUSPICIOUS_MOVE = YES;
				CLANG_WARN_UNGUARDED_AVAILABILITY = YES_AGGRESSIVE;
				CLANG_WARN_UNREACHABLE_CODE = YES;
				CLANG_WARN__DUPLICATE_METHOD_MATCH = YES;
				CODE_SIGN_IDENTITY = "iPhone Developer";
				COPY_PHASE_STRIP = NO;
				DEBUG_INFORMATION_FORMAT = "dwarf-with-dsym";
				ENABLE_NS_ASSERTIONS = NO;
				ENABLE_STRICT_OBJC_MSGSEND = YES;
				GCC_C_LANGUAGE_STANDARD = gnu11;
				GCC_NO_COMMON_BLOCKS = YES;
				GCC_WARN_64_TO_32_BIT_CONVERSION = YES;
				GCC_WARN_ABOUT_RETURN_TYPE = YES_ERROR;
				GCC_WARN_UNDECLARED_SELECTOR = YES;
				GCC_WARN_UNINITIALIZED_AUTOS = YES_AGGRESSIVE;
				GCC_WARN_UNUSED_FUNCTION = YES;
				GCC_WARN_UNUSED_VARIABLE = YES;
				IPHONEOS_DEPLOYMENT_TARGET = 11.3;
				MTL_ENABLE_DEBUG_INFO = NO;
				SDKROOT = iphoneos;
				SWIFT_OPTIMIZATION_LEVEL = "-Owholemodule";
				VALIDATE_PRODUCT = YES;
			};
			name = Release;
		};
		1EDE22C990ECFF4FCD2A0593 /* Release */ = {
			isa = XCBuildConfiguration;
			buildSettings = {
				BUNDLE_LOADER = "$(BUILT_PRODUCTS_DIR)/Shikimori.app/Shikimori";
				INFOPLIST_FILE = ShikimoriTests/Info.plist;
				LD_RUNPATH_SEARCH_PATHS = "$(inherited) @executable_path/Frameworks @loader_path/Frameworks";
				PRODUCT_BUNDLE_IDENTIFIER = SKM.ShikimoriTests;
				PRODUCT_NAME = "$(TARGET_NAME)";
				SWIFT_VERSION = 4.0;
				TARGETED_DEVICE_FAMILY = "1,2";
				TEST_HOST = "$(BUNDLE_LOADER)";
			};
			name = Release;
		};
		1EDE2462534C847EBC32A7AE /* Debug */ = {
			isa = XCBuildConfiguration;
			buildSettings = {
				BUNDLE_LOADER = "$(BUILT_PRODUCTS_DIR)/Shikimori.app/Shikimori";
				INFOPLIST_FILE = ShikimoriTests/Info.plist;
				LD_RUNPATH_SEARCH_PATHS = "$(inherited) @executable_path/Frameworks @loader_path/Frameworks";
				PRODUCT_BUNDLE_IDENTIFIER = SKM.ShikimoriTests;
				PRODUCT_NAME = "$(TARGET_NAME)";
				SWIFT_VERSION = 4.0;
				TARGETED_DEVICE_FAMILY = "1,2";
				TEST_HOST = "$(BUNDLE_LOADER)";
			};
			name = Debug;
		};
		1EDE278A08B22B71D9F154CB /* Release */ = {
			isa = XCBuildConfiguration;
			buildSettings = {
				ASSETCATALOG_COMPILER_APPICON_NAME = AppIcon;
				CODE_SIGN_STYLE = Manual;
				DEVELOPMENT_TEAM = "";
				INFOPLIST_FILE = "$(SRCROOT)/Shikimori/Config/Info.plist";
				IPHONEOS_DEPLOYMENT_TARGET = 10.0;
				LD_RUNPATH_SEARCH_PATHS = "$(inherited) @executable_path/Frameworks";
				PRODUCT_BUNDLE_IDENTIFIER = SKM.Shikimori;
				PRODUCT_NAME = "$(TARGET_NAME)";
				PROVISIONING_PROFILE_SPECIFIER = "";
				SWIFT_VERSION = 4.0;
				TARGETED_DEVICE_FAMILY = "1,2";
			};
			name = Release;
		};
		1EDE2A48934B45B28B729405 /* Debug */ = {
			isa = XCBuildConfiguration;
			buildSettings = {
				ALWAYS_SEARCH_USER_PATHS = NO;
				CLANG_ANALYZER_NONNULL = YES;
				CLANG_ANALYZER_NUMBER_OBJECT_CONVERSION = YES_AGGRESSIVE;
				CLANG_CXX_LANGUAGE_STANDARD = "gnu++14";
				CLANG_CXX_LIBRARY = "libc++";
				CLANG_ENABLE_MODULES = YES;
				CLANG_ENABLE_OBJC_ARC = YES;
				CLANG_ENABLE_OBJC_WEAK = YES;
				CLANG_WARN_BLOCK_CAPTURE_AUTORELEASING = YES;
				CLANG_WARN_BOOL_CONVERSION = YES;
				CLANG_WARN_COMMA = YES;
				CLANG_WARN_CONSTANT_CONVERSION = YES;
				CLANG_WARN_DEPRECATED_OBJC_IMPLEMENTATIONS = YES;
				CLANG_WARN_DIRECT_OBJC_ISA_USAGE = YES_ERROR;
				CLANG_WARN_DOCUMENTATION_COMMENTS = YES;
				CLANG_WARN_EMPTY_BODY = YES;
				CLANG_WARN_ENUM_CONVERSION = YES;
				CLANG_WARN_INFINITE_RECURSION = YES;
				CLANG_WARN_INT_CONVERSION = YES;
				CLANG_WARN_NON_LITERAL_NULL_CONVERSION = YES;
				CLANG_WARN_OBJC_IMPLICIT_RETAIN_SELF = YES;
				CLANG_WARN_OBJC_LITERAL_CONVERSION = YES;
				CLANG_WARN_OBJC_ROOT_CLASS = YES_ERROR;
				CLANG_WARN_RANGE_LOOP_ANALYSIS = YES;
				CLANG_WARN_STRICT_PROTOTYPES = YES;
				CLANG_WARN_SUSPICIOUS_MOVE = YES;
				CLANG_WARN_UNGUARDED_AVAILABILITY = YES_AGGRESSIVE;
				CLANG_WARN_UNREACHABLE_CODE = YES;
				CLANG_WARN__DUPLICATE_METHOD_MATCH = YES;
				CODE_SIGN_IDENTITY = "iPhone Developer";
				COPY_PHASE_STRIP = NO;
				DEBUG_INFORMATION_FORMAT = dwarf;
				ENABLE_STRICT_OBJC_MSGSEND = YES;
				ENABLE_TESTABILITY = YES;
				GCC_C_LANGUAGE_STANDARD = gnu11;
				GCC_DYNAMIC_NO_PIC = NO;
				GCC_NO_COMMON_BLOCKS = YES;
				GCC_OPTIMIZATION_LEVEL = 0;
				GCC_PREPROCESSOR_DEFINITIONS = (
					"DEBUG=1",
					"$(inherited)",
				);
				GCC_WARN_64_TO_32_BIT_CONVERSION = YES;
				GCC_WARN_ABOUT_RETURN_TYPE = YES_ERROR;
				GCC_WARN_UNDECLARED_SELECTOR = YES;
				GCC_WARN_UNINITIALIZED_AUTOS = YES_AGGRESSIVE;
				GCC_WARN_UNUSED_FUNCTION = YES;
				GCC_WARN_UNUSED_VARIABLE = YES;
				IPHONEOS_DEPLOYMENT_TARGET = 11.3;
				MTL_ENABLE_DEBUG_INFO = YES;
				ONLY_ACTIVE_ARCH = YES;
				SDKROOT = iphoneos;
				SWIFT_ACTIVE_COMPILATION_CONDITIONS = DEBUG;
				SWIFT_OPTIMIZATION_LEVEL = "-Onone";
			};
			name = Debug;
		};
/* End XCBuildConfiguration section */

/* Begin XCConfigurationList section */
		1EDE2340E087BB1CD61403F1 /* Build configuration list for PBXProject "Shikimori" */ = {
			isa = XCConfigurationList;
			buildConfigurations = (
				1EDE2A48934B45B28B729405 /* Debug */,
				1EDE210162C8E2330FEBE2FE /* Release */,
			);
			defaultConfigurationIsVisible = 0;
			defaultConfigurationName = Release;
		};
		1EDE26A29C0FA9BF7F93C075 /* Build configuration list for PBXNativeTarget "Shikimori" */ = {
			isa = XCConfigurationList;
			buildConfigurations = (
				1EDE2043962BE9D2CDAA5670 /* Debug */,
				1EDE278A08B22B71D9F154CB /* Release */,
			);
			defaultConfigurationIsVisible = 0;
			defaultConfigurationName = Release;
		};
		1EDE27A1CE638B581626CB48 /* Build configuration list for PBXNativeTarget "ShikimoriTests" */ = {
			isa = XCConfigurationList;
			buildConfigurations = (
				1EDE2462534C847EBC32A7AE /* Debug */,
				1EDE22C990ECFF4FCD2A0593 /* Release */,
			);
			defaultConfigurationIsVisible = 0;
			defaultConfigurationName = Release;
		};
/* End XCConfigurationList section */
	};
	rootObject = 1EDE208D72083E9B47988000 /* Project object */;
}
